
Microsoft Visual Studio Solution File, Format Version 12.00
# Visual Studio Version 17
VisualStudioVersion = 17.1.32319.34
MinimumVisualStudioVersion = 10.0.40219.1
Project("{FAE04EC0-301F-11D3-BF4B-00C04F79EFBC}") = "BP.DataAccess", "BP.DataAccess\BP.DataAccess.csproj", "{B2CE07BB-9E80-4E30-9A9E-EB0E8630C803}"
EndProject
Project("{FAE04EC0-301F-11D3-BF4B-00C04F79EFBC}") = "BP.UI", "BP.UI\BP.UI.csproj", "{D15903A1-6A2A-4CFC-A559-22D3BDB8D458}"
EndProject
Global
	GlobalSection(SolutionConfigurationPlatforms) = preSolution
		Debug|Any CPU = Debug|Any CPU
		Release|Any CPU = Release|Any CPU
	EndGlobalSection
	GlobalSection(ProjectConfigurationPlatforms) = postSolution
		{B2CE07BB-9E80-4E30-9A9E-EB0E8630C803}.Debug|Any CPU.ActiveCfg = Debug|Any CPU
		{B2CE07BB-9E80-4E30-9A9E-EB0E8630C803}.Debug|Any CPU.Build.0 = Debug|Any CPU
		{B2CE07BB-9E80-4E30-9A9E-EB0E8630C803}.Release|Any CPU.ActiveCfg = Release|Any CPU
		{B2CE07BB-9E80-4E30-9A9E-EB0E8630C803}.Release|Any CPU.Build.0 = Release|Any CPU
		{D15903A1-6A2A-4CFC-A559-22D3BDB8D458}.Debug|Any CPU.ActiveCfg = Debug|Any CPU
		{D15903A1-6A2A-4CFC-A559-22D3BDB8D458}.Debug|Any CPU.Build.0 = Debug|Any CPU
		{D15903A1-6A2A-4CFC-A559-22D3BDB8D458}.Release|Any CPU.ActiveCfg = Release|Any CPU
		{D15903A1-6A2A-4CFC-A559-22D3BDB8D458}.Release|Any CPU.Build.0 = Release|Any CPU
	EndGlobalSection
	GlobalSection(SolutionProperties) = preSolution
		HideSolutionNode = FALSE
	EndGlobalSection
	GlobalSection(ExtensibilityGlobals) = postSolution
		SolutionGuid = {B49AF417-2753-4249-A8DC-B5D27F664CE8}
	EndGlobalSection
EndGlobal
